// !$*UTF8*$!
{
	archiveVersion = 1;
	classes = {
	};
	objectVersion = 56;
	objects = {

/* Begin PBXBuildFile section */
		4CBEE9F22A1E375A00A3FA49 /* AppDelegate.swift in Sources */ = {isa = PBXBuildFile; fileRef = 4CBEE9F12A1E375A00A3FA49 /* AppDelegate.swift */; };
		4CBEE9F42A1E375A00A3FA49 /* SceneDelegate.swift in Sources */ = {isa = PBXBuildFile; fileRef = 4CBEE9F32A1E375A00A3FA49 /* SceneDelegate.swift */; };
		4CBEE9F62A1E375A00A3FA49 /* ViewController.swift in Sources */ = {isa = PBXBuildFile; fileRef = 4CBEE9F52A1E375A00A3FA49 /* ViewController.swift */; };
		4CBEE9F92A1E375A00A3FA49 /* Main.storyboard in Resources */ = {isa = PBXBuildFile; fileRef = 4CBEE9F72A1E375A00A3FA49 /* Main.storyboard */; };
		4CBEE9FC2A1E375A00A3FA49 /* To_Do_List.xcdatamodeld in Sources */ = {isa = PBXBuildFile; fileRef = 4CBEE9FA2A1E375A00A3FA49 /* To_Do_List.xcdatamodeld */; };
		4CBEE9FE2A1E375B00A3FA49 /* Assets.xcassets in Resources */ = {isa = PBXBuildFile; fileRef = 4CBEE9FD2A1E375B00A3FA49 /* Assets.xcassets */; };
		4CBEEA012A1E375C00A3FA49 /* LaunchScreen.storyboard in Resources */ = {isa = PBXBuildFile; fileRef = 4CBEE9FF2A1E375C00A3FA49 /* LaunchScreen.storyboard */; };
		4CBEEA0C2A1E375C00A3FA49 /* To_Do_ListTests.swift in Sources */ = {isa = PBXBuildFile; fileRef = 4CBEEA0B2A1E375C00A3FA49 /* To_Do_ListTests.swift */; };
		4CBEEA162A1E375C00A3FA49 /* To_Do_ListUITests.swift in Sources */ = {isa = PBXBuildFile; fileRef = 4CBEEA152A1E375C00A3FA49 /* To_Do_ListUITests.swift */; };
		4CBEEA182A1E375C00A3FA49 /* To_Do_ListUITestsLaunchTests.swift in Sources */ = {isa = PBXBuildFile; fileRef = 4CBEEA172A1E375C00A3FA49 /* To_Do_ListUITestsLaunchTests.swift */; };
		4CBEEA292A1E427700A3FA49 /* TabBarViewController.swift in Sources */ = {isa = PBXBuildFile; fileRef = 4CBEEA282A1E427700A3FA49 /* TabBarViewController.swift */; };
/* End PBXBuildFile section */

/* Begin PBXContainerItemProxy section */
		4CBEEA082A1E375C00A3FA49 /* PBXContainerItemProxy */ = {
			isa = PBXContainerItemProxy;
			containerPortal = 4CBEE9E62A1E375A00A3FA49 /* Project object */;
			proxyType = 1;
			remoteGlobalIDString = 4CBEE9ED2A1E375A00A3FA49;
			remoteInfo = "To-Do List";
		};
		4CBEEA122A1E375C00A3FA49 /* PBXContainerItemProxy */ = {
			isa = PBXContainerItemProxy;
			containerPortal = 4CBEE9E62A1E375A00A3FA49 /* Project object */;
			proxyType = 1;
			remoteGlobalIDString = 4CBEE9ED2A1E375A00A3FA49;
			remoteInfo = "To-Do List";
		};
/* End PBXContainerItemProxy section */

/* Begin PBXFileReference section */
		4CBEE9EE2A1E375A00A3FA49 /* To-Do List.app */ = {isa = PBXFileReference; explicitFileType = wrapper.application; includeInIndex = 0; path = "To-Do List.app"; sourceTree = BUILT_PRODUCTS_DIR; };
		4CBEE9F12A1E375A00A3FA49 /* AppDelegate.swift */ = {isa = PBXFileReference; lastKnownFileType = sourcecode.swift; path = AppDelegate.swift; sourceTree = "<group>"; };
		4CBEE9F32A1E375A00A3FA49 /* SceneDelegate.swift */ = {isa = PBXFileReference; lastKnownFileType = sourcecode.swift; path = SceneDelegate.swift; sourceTree = "<group>"; };
		4CBEE9F52A1E375A00A3FA49 /* ViewController.swift */ = {isa = PBXFileReference; lastKnownFileType = sourcecode.swift; path = ViewController.swift; sourceTree = "<group>"; };
		4CBEE9F82A1E375A00A3FA49 /* Base */ = {isa = PBXFileReference; lastKnownFileType = file.storyboard; name = Base; path = Base.lproj/Main.storyboard; sourceTree = "<group>"; };
		4CBEE9FB2A1E375A00A3FA49 /* To_Do_List.xcdatamodel */ = {isa = PBXFileReference; lastKnownFileType = wrapper.xcdatamodel; path = To_Do_List.xcdatamodel; sourceTree = "<group>"; };
		4CBEE9FD2A1E375B00A3FA49 /* Assets.xcassets */ = {isa = PBXFileReference; lastKnownFileType = folder.assetcatalog; path = Assets.xcassets; sourceTree = "<group>"; };
		4CBEEA002A1E375C00A3FA49 /* Base */ = {isa = PBXFileReference; lastKnownFileType = file.storyboard; name = Base; path = Base.lproj/LaunchScreen.storyboard; sourceTree = "<group>"; };
		4CBEEA022A1E375C00A3FA49 /* Info.plist */ = {isa = PBXFileReference; lastKnownFileType = text.plist.xml; path = Info.plist; sourceTree = "<group>"; };
		4CBEEA072A1E375C00A3FA49 /* To-Do ListTests.xctest */ = {isa = PBXFileReference; explicitFileType = wrapper.cfbundle; includeInIndex = 0; path = "To-Do ListTests.xctest"; sourceTree = BUILT_PRODUCTS_DIR; };
		4CBEEA0B2A1E375C00A3FA49 /* To_Do_ListTests.swift */ = {isa = PBXFileReference; lastKnownFileType = sourcecode.swift; path = To_Do_ListTests.swift; sourceTree = "<group>"; };
		4CBEEA112A1E375C00A3FA49 /* To-Do ListUITests.xctest */ = {isa = PBXFileReference; explicitFileType = wrapper.cfbundle; includeInIndex = 0; path = "To-Do ListUITests.xctest"; sourceTree = BUILT_PRODUCTS_DIR; };
		4CBEEA152A1E375C00A3FA49 /* To_Do_ListUITests.swift */ = {isa = PBXFileReference; lastKnownFileType = sourcecode.swift; path = To_Do_ListUITests.swift; sourceTree = "<group>"; };
		4CBEEA172A1E375C00A3FA49 /* To_Do_ListUITestsLaunchTests.swift */ = {isa = PBXFileReference; lastKnownFileType = sourcecode.swift; path = To_Do_ListUITestsLaunchTests.swift; sourceTree = "<group>"; };
		4CBEEA282A1E427700A3FA49 /* TabBarViewController.swift */ = {isa = PBXFileReference; lastKnownFileType = sourcecode.swift; path = TabBarViewController.swift; sourceTree = "<group>"; };
/* End PBXFileReference section */

/* Begin PBXFrameworksBuildPhase section */
		4CBEE9EB2A1E375A00A3FA49 /* Frameworks */ = {
			isa = PBXFrameworksBuildPhase;
			buildActionMask = 2147483647;
			files = (
			);
			runOnlyForDeploymentPostprocessing = 0;
		};
		4CBEEA042A1E375C00A3FA49 /* Frameworks */ = {
			isa = PBXFrameworksBuildPhase;
			buildActionMask = 2147483647;
			files = (
			);
			runOnlyForDeploymentPostprocessing = 0;
		};
		4CBEEA0E2A1E375C00A3FA49 /* Frameworks */ = {
			isa = PBXFrameworksBuildPhase;
			buildActionMask = 2147483647;
			files = (
			);
			runOnlyForDeploymentPostprocessing = 0;
		};
/* End PBXFrameworksBuildPhase section */

/* Begin PBXGroup section */
		4CBEE9E52A1E375A00A3FA49 = {
			isa = PBXGroup;
			children = (
				4CBEE9F02A1E375A00A3FA49 /* To-Do List */,
				4CBEEA0A2A1E375C00A3FA49 /* To-Do ListTests */,
				4CBEEA142A1E375C00A3FA49 /* To-Do ListUITests */,
				4CBEE9EF2A1E375A00A3FA49 /* Products */,
			);
			sourceTree = "<group>";
		};
		4CBEE9EF2A1E375A00A3FA49 /* Products */ = {
			isa = PBXGroup;
			children = (
				4CBEE9EE2A1E375A00A3FA49 /* To-Do List.app */,
				4CBEEA072A1E375C00A3FA49 /* To-Do ListTests.xctest */,
				4CBEEA112A1E375C00A3FA49 /* To-Do ListUITests.xctest */,
			);
			name = Products;
			sourceTree = "<group>";
		};
		4CBEE9F02A1E375A00A3FA49 /* To-Do List */ = {
			isa = PBXGroup;
			children = (
				4CBEE9F12A1E375A00A3FA49 /* AppDelegate.swift */,
				4CBEE9F32A1E375A00A3FA49 /* SceneDelegate.swift */,
				4CBEE9F52A1E375A00A3FA49 /* ViewController.swift */,
				4CBEEA282A1E427700A3FA49 /* TabBarViewController.swift */,
				4CBEE9F72A1E375A00A3FA49 /* Main.storyboard */,
				4CBEE9FD2A1E375B00A3FA49 /* Assets.xcassets */,
				4CBEE9FF2A1E375C00A3FA49 /* LaunchScreen.storyboard */,
				4CBEEA022A1E375C00A3FA49 /* Info.plist */,
				4CBEE9FA2A1E375A00A3FA49 /* To_Do_List.xcdatamodeld */,
			);
			path = "To-Do List";
			sourceTree = "<group>";
		};
		4CBEEA0A2A1E375C00A3FA49 /* To-Do ListTests */ = {
			isa = PBXGroup;
			children = (
				4CBEEA0B2A1E375C00A3FA49 /* To_Do_ListTests.swift */,
			);
			path = "To-Do ListTests";
			sourceTree = "<group>";
		};
		4CBEEA142A1E375C00A3FA49 /* To-Do ListUITests */ = {
			isa = PBXGroup;
			children = (
				4CBEEA152A1E375C00A3FA49 /* To_Do_ListUITests.swift */,
				4CBEEA172A1E375C00A3FA49 /* To_Do_ListUITestsLaunchTests.swift */,
			);
			path = "To-Do ListUITests";
			sourceTree = "<group>";
		};
/* End PBXGroup section */

/* Begin PBXNativeTarget section */
		4CBEE9ED2A1E375A00A3FA49 /* To-Do List */ = {
			isa = PBXNativeTarget;
			buildConfigurationList = 4CBEEA1B2A1E375C00A3FA49 /* Build configuration list for PBXNativeTarget "To-Do List" */;
			buildPhases = (
				4CBEE9EA2A1E375A00A3FA49 /* Sources */,
				4CBEE9EB2A1E375A00A3FA49 /* Frameworks */,
				4CBEE9EC2A1E375A00A3FA49 /* Resources */,
			);
			buildRules = (
			);
			dependencies = (
			);
			name = "To-Do List";
			productName = "To-Do List";
			productReference = 4CBEE9EE2A1E375A00A3FA49 /* To-Do List.app */;
			productType = "com.apple.product-type.application";
		};
		4CBEEA062A1E375C00A3FA49 /* To-Do ListTests */ = {
			isa = PBXNativeTarget;
			buildConfigurationList = 4CBEEA1E2A1E375C00A3FA49 /* Build configuration list for PBXNativeTarget "To-Do ListTests" */;
			buildPhases = (
				4CBEEA032A1E375C00A3FA49 /* Sources */,
				4CBEEA042A1E375C00A3FA49 /* Frameworks */,
				4CBEEA052A1E375C00A3FA49 /* Resources */,
			);
			buildRules = (
			);
			dependencies = (
				4CBEEA092A1E375C00A3FA49 /* PBXTargetDependency */,
			);
			name = "To-Do ListTests";
			productName = "To-Do ListTests";
			productReference = 4CBEEA072A1E375C00A3FA49 /* To-Do ListTests.xctest */;
			productType = "com.apple.product-type.bundle.unit-test";
		};
		4CBEEA102A1E375C00A3FA49 /* To-Do ListUITests */ = {
			isa = PBXNativeTarget;
			buildConfigurationList = 4CBEEA212A1E375C00A3FA49 /* Build configuration list for PBXNativeTarget "To-Do ListUITests" */;
			buildPhases = (
				4CBEEA0D2A1E375C00A3FA49 /* Sources */,
				4CBEEA0E2A1E375C00A3FA49 /* Frameworks */,
				4CBEEA0F2A1E375C00A3FA49 /* Resources */,
			);
			buildRules = (
			);
			dependencies = (
				4CBEEA132A1E375C00A3FA49 /* PBXTargetDependency */,
			);
			name = "To-Do ListUITests";
			productName = "To-Do ListUITests";
			productReference = 4CBEEA112A1E375C00A3FA49 /* To-Do ListUITests.xctest */;
			productType = "com.apple.product-type.bundle.ui-testing";
		};
/* End PBXNativeTarget section */

/* Begin PBXProject section */
		4CBEE9E62A1E375A00A3FA49 /* Project object */ = {
			isa = PBXProject;
			attributes = {
				BuildIndependentTargetsInParallel = 1;
				LastSwiftUpdateCheck = 1420;
				LastUpgradeCheck = 1420;
				TargetAttributes = {
					4CBEE9ED2A1E375A00A3FA49 = {
						CreatedOnToolsVersion = 14.2;
					};
					4CBEEA062A1E375C00A3FA49 = {
						CreatedOnToolsVersion = 14.2;
						TestTargetID = 4CBEE9ED2A1E375A00A3FA49;
					};
					4CBEEA102A1E375C00A3FA49 = {
						CreatedOnToolsVersion = 14.2;
						TestTargetID = 4CBEE9ED2A1E375A00A3FA49;
					};
				};
			};
			buildConfigurationList = 4CBEE9E92A1E375A00A3FA49 /* Build configuration list for PBXProject "To-Do List" */;
			compatibilityVersion = "Xcode 14.0";
			developmentRegion = en;
			hasScannedForEncodings = 0;
			knownRegions = (
				en,
				Base,
			);
			mainGroup = 4CBEE9E52A1E375A00A3FA49;
			productRefGroup = 4CBEE9EF2A1E375A00A3FA49 /* Products */;
			projectDirPath = "";
			projectRoot = "";
			targets = (
				4CBEE9ED2A1E375A00A3FA49 /* To-Do List */,
				4CBEEA062A1E375C00A3FA49 /* To-Do ListTests */,
				4CBEEA102A1E375C00A3FA49 /* To-Do ListUITests */,
			);
		};
/* End PBXProject section */

/* Begin PBXResourcesBuildPhase section */
		4CBEE9EC2A1E375A00A3FA49 /* Resources */ = {
			isa = PBXResourcesBuildPhase;
			buildActionMask = 2147483647;
			files = (
				4CBEEA012A1E375C00A3FA49 /* LaunchScreen.storyboard in Resources */,
				4CBEE9FE2A1E375B00A3FA49 /* Assets.xcassets in Resources */,
				4CBEE9F92A1E375A00A3FA49 /* Main.storyboard in Resources */,
			);
			runOnlyForDeploymentPostprocessing = 0;
		};
		4CBEEA052A1E375C00A3FA49 /* Resources */ = {
			isa = PBXResourcesBuildPhase;
			buildActionMask = 2147483647;
			files = (
			);
			runOnlyForDeploymentPostprocessing = 0;
		};
		4CBEEA0F2A1E375C00A3FA49 /* Resources */ = {
			isa = PBXResourcesBuildPhase;
			buildActionMask = 2147483647;
			files = (
			);
			runOnlyForDeploymentPostprocessing = 0;
		};
/* End PBXResourcesBuildPhase section */

/* Begin PBXSourcesBuildPhase section */
		4CBEE9EA2A1E375A00A3FA49 /* Sources */ = {
			isa = PBXSourcesBuildPhase;
			buildActionMask = 2147483647;
			files = (
				4CBEE9F62A1E375A00A3FA49 /* ViewController.swift in Sources */,
				4CBEE9F22A1E375A00A3FA49 /* AppDelegate.swift in Sources */,
				4CBEE9F42A1E375A00A3FA49 /* SceneDelegate.swift in Sources */,
				4CBEEA292A1E427700A3FA49 /* TabBarViewController.swift in Sources */,
				4CBEE9FC2A1E375A00A3FA49 /* To_Do_List.xcdatamodeld in Sources */,
			);
			runOnlyForDeploymentPostprocessing = 0;
		};
		4CBEEA032A1E375C00A3FA49 /* Sources */ = {
			isa = PBXSourcesBuildPhase;
			buildActionMask = 2147483647;
			files = (
				4CBEEA0C2A1E375C00A3FA49 /* To_Do_ListTests.swift in Sources */,
			);
			runOnlyForDeploymentPostprocessing = 0;
		};
		4CBEEA0D2A1E375C00A3FA49 /* Sources */ = {
			isa = PBXSourcesBuildPhase;
			buildActionMask = 2147483647;
			files = (
				4CBEEA182A1E375C00A3FA49 /* To_Do_ListUITestsLaunchTests.swift in Sources */,
				4CBEEA162A1E375C00A3FA49 /* To_Do_ListUITests.swift in Sources */,
			);
			runOnlyForDeploymentPostprocessing = 0;
		};
/* End PBXSourcesBuildPhase section */

/* Begin PBXTargetDependency section */
		4CBEEA092A1E375C00A3FA49 /* PBXTargetDependency */ = {
			isa = PBXTargetDependency;
			target = 4CBEE9ED2A1E375A00A3FA49 /* To-Do List */;
			targetProxy = 4CBEEA082A1E375C00A3FA49 /* PBXContainerItemProxy */;
		};
		4CBEEA132A1E375C00A3FA49 /* PBXTargetDependency */ = {
			isa = PBXTargetDependency;
			target = 4CBEE9ED2A1E375A00A3FA49 /* To-Do List */;
			targetProxy = 4CBEEA122A1E375C00A3FA49 /* PBXContainerItemProxy */;
		};
/* End PBXTargetDependency section */

/* Begin PBXVariantGroup section */
		4CBEE9F72A1E375A00A3FA49 /* Main.storyboard */ = {
			isa = PBXVariantGroup;
			children = (
				4CBEE9F82A1E375A00A3FA49 /* Base */,
			);
			name = Main.storyboard;
			sourceTree = "<group>";
		};
		4CBEE9FF2A1E375C00A3FA49 /* LaunchScreen.storyboard */ = {
			isa = PBXVariantGroup;
			children = (
				4CBEEA002A1E375C00A3FA49 /* Base */,
			);
			name = LaunchScreen.storyboard;
			sourceTree = "<group>";
		};
/* End PBXVariantGroup section */

/* Begin XCBuildConfiguration section */
		4CBEEA192A1E375C00A3FA49 /* Debug */ = {
			isa = XCBuildConfiguration;
			buildSettings = {
				ALWAYS_SEARCH_USER_PATHS = NO;
				CLANG_ANALYZER_NONNULL = YES;
				CLANG_ANALYZER_NUMBER_OBJECT_CONVERSION = YES_AGGRESSIVE;
				CLANG_CXX_LANGUAGE_STANDARD = "gnu++20";
				CLANG_ENABLE_MODULES = YES;
				CLANG_ENABLE_OBJC_ARC = YES;
				CLANG_ENABLE_OBJC_WEAK = YES;
				CLANG_WARN_BLOCK_CAPTURE_AUTORELEASING = YES;
				CLANG_WARN_BOOL_CONVERSION = YES;
				CLANG_WARN_COMMA = YES;
				CLANG_WARN_CONSTANT_CONVERSION = YES;
				CLANG_WARN_DEPRECATED_OBJC_IMPLEMENTATIONS = YES;
				CLANG_WARN_DIRECT_OBJC_ISA_USAGE = YES_ERROR;
				CLANG_WARN_DOCUMENTATION_COMMENTS = YES;
				CLANG_WARN_EMPTY_BODY = YES;
				CLANG_WARN_ENUM_CONVERSION = YES;
				CLANG_WARN_INFINITE_RECURSION = YES;
				CLANG_WARN_INT_CONVERSION = YES;
				CLANG_WARN_NON_LITERAL_NULL_CONVERSION = YES;
				CLANG_WARN_OBJC_IMPLICIT_RETAIN_SELF = YES;
				CLANG_WARN_OBJC_LITERAL_CONVERSION = YES;
				CLANG_WARN_OBJC_ROOT_CLASS = YES_ERROR;
				CLANG_WARN_QUOTED_INCLUDE_IN_FRAMEWORK_HEADER = YES;
				CLANG_WARN_RANGE_LOOP_ANALYSIS = YES;
				CLANG_WARN_STRICT_PROTOTYPES = YES;
				CLANG_WARN_SUSPICIOUS_MOVE = YES;
				CLANG_WARN_UNGUARDED_AVAILABILITY = YES_AGGRESSIVE;
				CLANG_WARN_UNREACHABLE_CODE = YES;
				CLANG_WARN__DUPLICATE_METHOD_MATCH = YES;
				COPY_PHASE_STRIP = NO;
				DEBUG_INFORMATION_FORMAT = dwarf;
				ENABLE_STRICT_OBJC_MSGSEND = YES;
				ENABLE_TESTABILITY = YES;
				GCC_C_LANGUAGE_STANDARD = gnu11;
				GCC_DYNAMIC_NO_PIC = NO;
				GCC_NO_COMMON_BLOCKS = YES;
				GCC_OPTIMIZATION_LEVEL = 0;
				GCC_PREPROCESSOR_DEFINITIONS = (
					"DEBUG=1",
					"$(inherited)",
				);
				GCC_WARN_64_TO_32_BIT_CONVERSION = YES;
				GCC_WARN_ABOUT_RETURN_TYPE = YES_ERROR;
				GCC_WARN_UNDECLARED_SELECTOR = YES;
				GCC_WARN_UNINITIALIZED_AUTOS = YES_AGGRESSIVE;
				GCC_WARN_UNUSED_FUNCTION = YES;
				GCC_WARN_UNUSED_VARIABLE = YES;
				IPHONEOS_DEPLOYMENT_TARGET = 16.2;
				MTL_ENABLE_DEBUG_INFO = INCLUDE_SOURCE;
				MTL_FAST_MATH = YES;
				ONLY_ACTIVE_ARCH = YES;
				SDKROOT = iphoneos;
				SWIFT_ACTIVE_COMPILATION_CONDITIONS = DEBUG;
				SWIFT_OPTIMIZATION_LEVEL = "-Onone";
			};
			name = Debug;
		};
		4CBEEA1A2A1E375C00A3FA49 /* Release */ = {
			isa = XCBuildConfiguration;
			buildSettings = {
				ALWAYS_SEARCH_USER_PATHS = NO;
				CLANG_ANALYZER_NONNULL = YES;
				CLANG_ANALYZER_NUMBER_OBJECT_CONVERSION = YES_AGGRESSIVE;
				CLANG_CXX_LANGUAGE_STANDARD = "gnu++20";
				CLANG_ENABLE_MODULES = YES;
				CLANG_ENABLE_OBJC_ARC = YES;
				CLANG_ENABLE_OBJC_WEAK = YES;
				CLANG_WARN_BLOCK_CAPTURE_AUTORELEASING = YES;
				CLANG_WARN_BOOL_CONVERSION = YES;
				CLANG_WARN_COMMA = YES;
				CLANG_WARN_CONSTANT_CONVERSION = YES;
				CLANG_WARN_DEPRECATED_OBJC_IMPLEMENTATIONS = YES;
				CLANG_WARN_DIRECT_OBJC_ISA_USAGE = YES_ERROR;
				CLANG_WARN_DOCUMENTATION_COMMENTS = YES;
				CLANG_WARN_EMPTY_BODY = YES;
				CLANG_WARN_ENUM_CONVERSION = YES;
				CLANG_WARN_INFINITE_RECURSION = YES;
				CLANG_WARN_INT_CONVERSION = YES;
				CLANG_WARN_NON_LITERAL_NULL_CONVERSION = YES;
				CLANG_WARN_OBJC_IMPLICIT_RETAIN_SELF = YES;
				CLANG_WARN_OBJC_LITERAL_CONVERSION = YES;
				CLANG_WARN_OBJC_ROOT_CLASS = YES_ERROR;
				CLANG_WARN_QUOTED_INCLUDE_IN_FRAMEWORK_HEADER = YES;
				CLANG_WARN_RANGE_LOOP_ANALYSIS = YES;
				CLANG_WARN_STRICT_PROTOTYPES = YES;
				CLANG_WARN_SUSPICIOUS_MOVE = YES;
				CLANG_WARN_UNGUARDED_AVAILABILITY = YES_AGGRESSIVE;
				CLANG_WARN_UNREACHABLE_CODE = YES;
				CLANG_WARN__DUPLICATE_METHOD_MATCH = YES;
				COPY_PHASE_STRIP = NO;
				DEBUG_INFORMATION_FORMAT = "dwarf-with-dsym";
				ENABLE_NS_ASSERTIONS = NO;
				ENABLE_STRICT_OBJC_MSGSEND = YES;
				GCC_C_LANGUAGE_STANDARD = gnu11;
				GCC_NO_COMMON_BLOCKS = YES;
				GCC_WARN_64_TO_32_BIT_CONVERSION = YES;
				GCC_WARN_ABOUT_RETURN_TYPE = YES_ERROR;
				GCC_WARN_UNDECLARED_SELECTOR = YES;
				GCC_WARN_UNINITIALIZED_AUTOS = YES_AGGRESSIVE;
				GCC_WARN_UNUSED_FUNCTION = YES;
				GCC_WARN_UNUSED_VARIABLE = YES;
				IPHONEOS_DEPLOYMENT_TARGET = 16.2;
				MTL_ENABLE_DEBUG_INFO = NO;
				MTL_FAST_MATH = YES;
				SDKROOT = iphoneos;
				SWIFT_COMPILATION_MODE = wholemodule;
				SWIFT_OPTIMIZATION_LEVEL = "-O";
				VALIDATE_PRODUCT = YES;
			};
			name = Release;
		};
		4CBEEA1C2A1E375C00A3FA49 /* Debug */ = {
			isa = XCBuildConfiguration;
			buildSettings = {
				ASSETCATALOG_COMPILER_APPICON_NAME = AppIcon;
				ASSETCATALOG_COMPILER_GLOBAL_ACCENT_COLOR_NAME = AccentColor;
				CODE_SIGN_STYLE = Automatic;
				CURRENT_PROJECT_VERSION = 1;
				GENERATE_INFOPLIST_FILE = YES;
				INFOPLIST_FILE = "To-Do List/Info.plist";
				INFOPLIST_KEY_UIApplicationSupportsIndirectInputEvents = YES;
				INFOPLIST_KEY_UILaunchStoryboardName = LaunchScreen;
				INFOPLIST_KEY_UIMainStoryboardFile = Main;
				INFOPLIST_KEY_UISupportedInterfaceOrientations_iPad = "UIInterfaceOrientationPortrait UIInterfaceOrientationPortraitUpsideDown UIInterfaceOrientationLandscapeLeft UIInterfaceOrientationLandscapeRight";
				INFOPLIST_KEY_UISupportedInterfaceOrientations_iPhone = "UIInterfaceOrientationPortrait UIInterfaceOrientationLandscapeLeft UIInterfaceOrientationLandscapeRight";
				LD_RUNPATH_SEARCH_PATHS = (
					"$(inherited)",
					"@executable_path/Frameworks",
				);
				MARKETING_VERSION = 1.0;
				PRODUCT_BUNDLE_IDENTIFIER = "tasks.To-Do-List";
				PRODUCT_NAME = "$(TARGET_NAME)";
				SWIFT_EMIT_LOC_STRINGS = YES;
				SWIFT_VERSION = 5.0;
				TARGETED_DEVICE_FAMILY = "1,2";
			};
			name = Debug;
		};
		4CBEEA1D2A1E375C00A3FA49 /* Release */ = {
			isa = XCBuildConfiguration;
			buildSettings = {
				ASSETCATALOG_COMPILER_APPICON_NAME = AppIcon;
				ASSETCATALOG_COMPILER_GLOBAL_ACCENT_COLOR_NAME = AccentColor;
				CODE_SIGN_STYLE = Automatic;
				CURRENT_PROJECT_VERSION = 1;
				GENERATE_INFOPLIST_FILE = YES;
				INFOPLIST_FILE = "To-Do List/Info.plist";
				INFOPLIST_KEY_UIApplicationSupportsIndirectInputEvents = YES;
				INFOPLIST_KEY_UILaunchStoryboardName = LaunchScreen;
				INFOPLIST_KEY_UIMainStoryboardFile = Main;
				INFOPLIST_KEY_UISupportedInterfaceOrientations_iPad = "UIInterfaceOrientationPortrait UIInterfaceOrientationPortraitUpsideDown UIInterfaceOrientationLandscapeLeft UIInterfaceOrientationLandscapeRight";
				INFOPLIST_KEY_UISupportedInterfaceOrientations_iPhone = "UIInterfaceOrientationPortrait UIInterfaceOrientationLandscapeLeft UIInterfaceOrientationLandscapeRight";
				LD_RUNPATH_SEARCH_PATHS = (
					"$(inherited)",
					"@executable_path/Frameworks",
				);
				MARKETING_VERSION = 1.0;
				PRODUCT_BUNDLE_IDENTIFIER = "tasks.To-Do-List";
				PRODUCT_NAME = "$(TARGET_NAME)";
				SWIFT_EMIT_LOC_STRINGS = YES;
				SWIFT_VERSION = 5.0;
				TARGETED_DEVICE_FAMILY = "1,2";
			};
			name = Release;
		};
		4CBEEA1F2A1E375C00A3FA49 /* Debug */ = {
			isa = XCBuildConfiguration;
			buildSettings = {
				ALWAYS_EMBED_SWIFT_STANDARD_LIBRARIES = YES;
				BUNDLE_LOADER = "$(TEST_HOST)";
				CODE_SIGN_STYLE = Automatic;
				CURRENT_PROJECT_VERSION = 1;
				GENERATE_INFOPLIST_FILE = YES;
				IPHONEOS_DEPLOYMENT_TARGET = 16.2;
				MARKETING_VERSION = 1.0;
				PRODUCT_BUNDLE_IDENTIFIER = "tasks.To-Do-ListTests";
				PRODUCT_NAME = "$(TARGET_NAME)";
				SWIFT_EMIT_LOC_STRINGS = NO;
				SWIFT_VERSION = 5.0;
				TARGETED_DEVICE_FAMILY = "1,2";
				TEST_HOST = "$(BUILT_PRODUCTS_DIR)/To-Do List.app/$(BUNDLE_EXECUTABLE_FOLDER_PATH)/To-Do List";
			};
			name = Debug;
		};
		4CBEEA202A1E375C00A3FA49 /* Release */ = {
			isa = XCBuildConfiguration;
			buildSettings = {
				ALWAYS_EMBED_SWIFT_STANDARD_LIBRARIES = YES;
				BUNDLE_LOADER = "$(TEST_HOST)";
				CODE_SIGN_STYLE = Automatic;
				CURRENT_PROJECT_VERSION = 1;
				GENERATE_INFOPLIST_FILE = YES;
				IPHONEOS_DEPLOYMENT_TARGET = 16.2;
				MARKETING_VERSION = 1.0;
				PRODUCT_BUNDLE_IDENTIFIER = "tasks.To-Do-ListTests";
				PRODUCT_NAME = "$(TARGET_NAME)";
				SWIFT_EMIT_LOC_STRINGS = NO;
				SWIFT_VERSION = 5.0;
				TARGETED_DEVICE_FAMILY = "1,2";
				TEST_HOST = "$(BUILT_PRODUCTS_DIR)/To-Do List.app/$(BUNDLE_EXECUTABLE_FOLDER_PATH)/To-Do List";
			};
			name = Release;
		};
		4CBEEA222A1E375C00A3FA49 /* Debug */ = {
			isa = XCBuildConfiguration;
			buildSettings = {
				ALWAYS_EMBED_SWIFT_STANDARD_LIBRARIES = YES;
				CODE_SIGN_STYLE = Automatic;
				CURRENT_PROJECT_VERSION = 1;
				GENERATE_INFOPLIST_FILE = YES;
				MARKETING_VERSION = 1.0;
				PRODUCT_BUNDLE_IDENTIFIER = "tasks.To-Do-ListUITests";
				PRODUCT_NAME = "$(TARGET_NAME)";
				SWIFT_EMIT_LOC_STRINGS = NO;
				SWIFT_VERSION = 5.0;
				TARGETED_DEVICE_FAMILY = "1,2";
				TEST_TARGET_NAME = "To-Do List";
			};
			name = Debug;
		};
		4CBEEA232A1E375C00A3FA49 /* Release */ = {
			isa = XCBuildConfiguration;
			buildSettings = {
				ALWAYS_EMBED_SWIFT_STANDARD_LIBRARIES = YES;
				CODE_SIGN_STYLE = Automatic;
				CURRENT_PROJECT_VERSION = 1;
				GENERATE_INFOPLIST_FILE = YES;
				MARKETING_VERSION = 1.0;
				PRODUCT_BUNDLE_IDENTIFIER = "tasks.To-Do-ListUITests";
				PRODUCT_NAME = "$(TARGET_NAME)";
				SWIFT_EMIT_LOC_STRINGS = NO;
				SWIFT_VERSION = 5.0;
				TARGETED_DEVICE_FAMILY = "1,2";
				TEST_TARGET_NAME = "To-Do List";
			};
			name = Release;
		};
/* End XCBuildConfiguration section */

/* Begin XCConfigurationList section */
		4CBEE9E92A1E375A00A3FA49 /* Build configuration list for PBXProject "To-Do List" */ = {
			isa = XCConfigurationList;
			buildConfigurations = (
				4CBEEA192A1E375C00A3FA49 /* Debug */,
				4CBEEA1A2A1E375C00A3FA49 /* Release */,
			);
			defaultConfigurationIsVisible = 0;
			defaultConfigurationName = Release;
		};
		4CBEEA1B2A1E375C00A3FA49 /* Build configuration list for PBXNativeTarget "To-Do List" */ = {
			isa = XCConfigurationList;
			buildConfigurations = (
				4CBEEA1C2A1E375C00A3FA49 /* Debug */,
				4CBEEA1D2A1E375C00A3FA49 /* Release */,
			);
			defaultConfigurationIsVisible = 0;
			defaultConfigurationName = Release;
		};
		4CBEEA1E2A1E375C00A3FA49 /* Build configuration list for PBXNativeTarget "To-Do ListTests" */ = {
			isa = XCConfigurationList;
			buildConfigurations = (
				4CBEEA1F2A1E375C00A3FA49 /* Debug */,
				4CBEEA202A1E375C00A3FA49 /* Release */,
			);
			defaultConfigurationIsVisible = 0;
			defaultConfigurationName = Release;
		};
		4CBEEA212A1E375C00A3FA49 /* Build configuration list for PBXNativeTarget "To-Do ListUITests" */ = {
			isa = XCConfigurationList;
			buildConfigurations = (
				4CBEEA222A1E375C00A3FA49 /* Debug */,
				4CBEEA232A1E375C00A3FA49 /* Release */,
			);
			defaultConfigurationIsVisible = 0;
			defaultConfigurationName = Release;
		};
/* End XCConfigurationList section */

/* Begin XCVersionGroup section */
		4CBEE9FA2A1E375A00A3FA49 /* To_Do_List.xcdatamodeld */ = {
			isa = XCVersionGroup;
			children = (
				4CBEE9FB2A1E375A00A3FA49 /* To_Do_List.xcdatamodel */,
			);
			currentVersion = 4CBEE9FB2A1E375A00A3FA49 /* To_Do_List.xcdatamodel */;
			path = To_Do_List.xcdatamodeld;
			sourceTree = "<group>";
			versionGroupType = wrapper.xcdatamodel;
		};
/* End XCVersionGroup section */
	};
	rootObject = 4CBEE9E62A1E375A00A3FA49 /* Project object */;
}
